
Microsoft Visual Studio Solution File, Format Version 12.00
# Visual Studio Version 17
VisualStudioVersion = 17.0.31903.59
MinimumVisualStudioVersion = 10.0.40219.1
Project("{8BC9CEB8-8B4A-11D0-8D11-00A0C91BC942}") = "OpenMP_test", "OpenMP_test.vcxproj", "{4F4F9E60-4409-4D4F-BB15-D15F4DDF0644}"
EndProject
Global
	GlobalSection(SolutionConfigurationPlatforms) = preSolution
		Debug|x64 = Debug|x64
		Debug|x86 = Debug|x86
		Release|x64 = Release|x64
		Release|x86 = Release|x86
	EndGlobalSection
	GlobalSection(ProjectConfigurationPlatforms) = postSolution
		{4F4F9E60-4409-4D4F-BB15-D15F4DDF0644}.Debug|x64.ActiveCfg = Debug|x64
		{4F4F9E60-4409-4D4F-BB15-D15F4DDF0644}.Debug|x64.Build.0 = Debug|x64
		{4F4F9E60-4409-4D4F-BB15-D15F4DDF0644}.Debug|x86.ActiveCfg = Debug|Win32
		{4F4F9E60-4409-4D4F-BB15-D15F4DDF0644}.Debug|x86.Build.0 = Debug|Win32
		{4F4F9E60-4409-4D4F-BB15-D15F4DDF0644}.Release|x64.ActiveCfg = Release|x64
		{4F4F9E60-4409-4D4F-BB15-D15F4DDF0644}.Release|x64.Build.0 = Release|x64
		{4F4F9E60-4409-4D4F-BB15-D15F4DDF0644}.Release|x86.ActiveCfg = Release|Win32
		{4F4F9E60-4409-4D4F-BB15-D15F4DDF0644}.Release|x86.Build.0 = Release|Win32
	EndGlobalSection
	GlobalSection(SolutionProperties) = preSolution
		HideSolutionNode = FALSE
	EndGlobalSection
	GlobalSection(ExtensibilityGlobals) = postSolution
		SolutionGuid = {30FEC1C4-4503-431B-80F1-C044AFF8FCDA}
	EndGlobalSection
EndGlobal
